// !$*UTF8*$!
{
	archiveVersion = 1;
	classes = {
	};
	objectVersion = 56;
	objects = {

/* Begin PBXBuildFile section */
		456333312925476A004C3BA7 /* AppDelegate.swift in Sources */ = {isa = PBXBuildFile; fileRef = 456333302925476A004C3BA7 /* AppDelegate.swift */; };
		456333332925476A004C3BA7 /* SceneDelegate.swift in Sources */ = {isa = PBXBuildFile; fileRef = 456333322925476A004C3BA7 /* SceneDelegate.swift */; };
		4563333A2925476C004C3BA7 /* Assets.xcassets in Resources */ = {isa = PBXBuildFile; fileRef = 456333392925476C004C3BA7 /* Assets.xcassets */; };
		4563333D2925476C004C3BA7 /* LaunchScreen.storyboard in Resources */ = {isa = PBXBuildFile; fileRef = 4563333B2925476C004C3BA7 /* LaunchScreen.storyboard */; };
		456333482925476C004C3BA7 /* AppMessengerTests.swift in Sources */ = {isa = PBXBuildFile; fileRef = 456333472925476C004C3BA7 /* AppMessengerTests.swift */; };
		456333522925476C004C3BA7 /* AppMessengerUITests.swift in Sources */ = {isa = PBXBuildFile; fileRef = 456333512925476C004C3BA7 /* AppMessengerUITests.swift */; };
		456333542925476D004C3BA7 /* AppMessengerUITestsLaunchTests.swift in Sources */ = {isa = PBXBuildFile; fileRef = 456333532925476D004C3BA7 /* AppMessengerUITestsLaunchTests.swift */; };
/* End PBXBuildFile section */

/* Begin PBXContainerItemProxy section */
		456333442925476C004C3BA7 /* PBXContainerItemProxy */ = {
			isa = PBXContainerItemProxy;
			containerPortal = 456333252925476A004C3BA7 /* Project object */;
			proxyType = 1;
			remoteGlobalIDString = 4563332C2925476A004C3BA7;
			remoteInfo = AppMessenger;
		};
		4563334E2925476C004C3BA7 /* PBXContainerItemProxy */ = {
			isa = PBXContainerItemProxy;
			containerPortal = 456333252925476A004C3BA7 /* Project object */;
			proxyType = 1;
			remoteGlobalIDString = 4563332C2925476A004C3BA7;
			remoteInfo = AppMessenger;
		};
/* End PBXContainerItemProxy section */

/* Begin PBXFileReference section */
		4563332D2925476A004C3BA7 /* AppMessenger.app */ = {isa = PBXFileReference; explicitFileType = wrapper.application; includeInIndex = 0; path = AppMessenger.app; sourceTree = BUILT_PRODUCTS_DIR; };
		456333302925476A004C3BA7 /* AppDelegate.swift */ = {isa = PBXFileReference; lastKnownFileType = sourcecode.swift; path = AppDelegate.swift; sourceTree = "<group>"; };
		456333322925476A004C3BA7 /* SceneDelegate.swift */ = {isa = PBXFileReference; lastKnownFileType = sourcecode.swift; path = SceneDelegate.swift; sourceTree = "<group>"; };
		456333392925476C004C3BA7 /* Assets.xcassets */ = {isa = PBXFileReference; lastKnownFileType = folder.assetcatalog; path = Assets.xcassets; sourceTree = "<group>"; };
		4563333C2925476C004C3BA7 /* Base */ = {isa = PBXFileReference; lastKnownFileType = file.storyboard; name = Base; path = Base.lproj/LaunchScreen.storyboard; sourceTree = "<group>"; };
		4563333E2925476C004C3BA7 /* Info.plist */ = {isa = PBXFileReference; lastKnownFileType = text.plist.xml; path = Info.plist; sourceTree = "<group>"; };
		456333432925476C004C3BA7 /* AppMessengerTests.xctest */ = {isa = PBXFileReference; explicitFileType = wrapper.cfbundle; includeInIndex = 0; path = AppMessengerTests.xctest; sourceTree = BUILT_PRODUCTS_DIR; };
		456333472925476C004C3BA7 /* AppMessengerTests.swift */ = {isa = PBXFileReference; lastKnownFileType = sourcecode.swift; path = AppMessengerTests.swift; sourceTree = "<group>"; };
		4563334D2925476C004C3BA7 /* AppMessengerUITests.xctest */ = {isa = PBXFileReference; explicitFileType = wrapper.cfbundle; includeInIndex = 0; path = AppMessengerUITests.xctest; sourceTree = BUILT_PRODUCTS_DIR; };
		456333512925476C004C3BA7 /* AppMessengerUITests.swift */ = {isa = PBXFileReference; lastKnownFileType = sourcecode.swift; path = AppMessengerUITests.swift; sourceTree = "<group>"; };
		456333532925476D004C3BA7 /* AppMessengerUITestsLaunchTests.swift */ = {isa = PBXFileReference; lastKnownFileType = sourcecode.swift; path = AppMessengerUITestsLaunchTests.swift; sourceTree = "<group>"; };
/* End PBXFileReference section */

/* Begin PBXFrameworksBuildPhase section */
		4563332A2925476A004C3BA7 /* Frameworks */ = {
			isa = PBXFrameworksBuildPhase;
			buildActionMask = 2147483647;
			files = (
			);
			runOnlyForDeploymentPostprocessing = 0;
		};
		456333402925476C004C3BA7 /* Frameworks */ = {
			isa = PBXFrameworksBuildPhase;
			buildActionMask = 2147483647;
			files = (
			);
			runOnlyForDeploymentPostprocessing = 0;
		};
		4563334A2925476C004C3BA7 /* Frameworks */ = {
			isa = PBXFrameworksBuildPhase;
			buildActionMask = 2147483647;
			files = (
			);
			runOnlyForDeploymentPostprocessing = 0;
		};
/* End PBXFrameworksBuildPhase section */

/* Begin PBXGroup section */
		456333242925476A004C3BA7 = {
			isa = PBXGroup;
			children = (
				4563332F2925476A004C3BA7 /* AppMessenger */,
				456333462925476C004C3BA7 /* AppMessengerTests */,
				456333502925476C004C3BA7 /* AppMessengerUITests */,
				4563332E2925476A004C3BA7 /* Products */,
			);
			sourceTree = "<group>";
		};
		4563332E2925476A004C3BA7 /* Products */ = {
			isa = PBXGroup;
			children = (
				4563332D2925476A004C3BA7 /* AppMessenger.app */,
				456333432925476C004C3BA7 /* AppMessengerTests.xctest */,
				4563334D2925476C004C3BA7 /* AppMessengerUITests.xctest */,
			);
			name = Products;
			sourceTree = "<group>";
		};
		4563332F2925476A004C3BA7 /* AppMessenger */ = {
			isa = PBXGroup;
			children = (
				456333302925476A004C3BA7 /* AppDelegate.swift */,
				456333322925476A004C3BA7 /* SceneDelegate.swift */,
				456333392925476C004C3BA7 /* Assets.xcassets */,
				4563333B2925476C004C3BA7 /* LaunchScreen.storyboard */,
				4563333E2925476C004C3BA7 /* Info.plist */,
			);
			path = AppMessenger;
			sourceTree = "<group>";
		};
		456333462925476C004C3BA7 /* AppMessengerTests */ = {
			isa = PBXGroup;
			children = (
				456333472925476C004C3BA7 /* AppMessengerTests.swift */,
			);
			path = AppMessengerTests;
			sourceTree = "<group>";
		};
		456333502925476C004C3BA7 /* AppMessengerUITests */ = {
			isa = PBXGroup;
			children = (
				456333512925476C004C3BA7 /* AppMessengerUITests.swift */,
				456333532925476D004C3BA7 /* AppMessengerUITestsLaunchTests.swift */,
			);
			path = AppMessengerUITests;
			sourceTree = "<group>";
		};
/* End PBXGroup section */

/* Begin PBXNativeTarget section */
		4563332C2925476A004C3BA7 /* AppMessenger */ = {
			isa = PBXNativeTarget;
			buildConfigurationList = 456333572925476D004C3BA7 /* Build configuration list for PBXNativeTarget "AppMessenger" */;
			buildPhases = (
				456333292925476A004C3BA7 /* Sources */,
				4563332A2925476A004C3BA7 /* Frameworks */,
				4563332B2925476A004C3BA7 /* Resources */,
			);
			buildRules = (
			);
			dependencies = (
			);
			name = AppMessenger;
			productName = AppMessenger;
			productReference = 4563332D2925476A004C3BA7 /* AppMessenger.app */;
			productType = "com.apple.product-type.application";
		};
		456333422925476C004C3BA7 /* AppMessengerTests */ = {
			isa = PBXNativeTarget;
			buildConfigurationList = 4563335A2925476D004C3BA7 /* Build configuration list for PBXNativeTarget "AppMessengerTests" */;
			buildPhases = (
				4563333F2925476C004C3BA7 /* Sources */,
				456333402925476C004C3BA7 /* Frameworks */,
				456333412925476C004C3BA7 /* Resources */,
			);
			buildRules = (
			);
			dependencies = (
				456333452925476C004C3BA7 /* PBXTargetDependency */,
			);
			name = AppMessengerTests;
			productName = AppMessengerTests;
			productReference = 456333432925476C004C3BA7 /* AppMessengerTests.xctest */;
			productType = "com.apple.product-type.bundle.unit-test";
		};
		4563334C2925476C004C3BA7 /* AppMessengerUITests */ = {
			isa = PBXNativeTarget;
			buildConfigurationList = 4563335D2925476D004C3BA7 /* Build configuration list for PBXNativeTarget "AppMessengerUITests" */;
			buildPhases = (
				456333492925476C004C3BA7 /* Sources */,
				4563334A2925476C004C3BA7 /* Frameworks */,
				4563334B2925476C004C3BA7 /* Resources */,
			);
			buildRules = (
			);
			dependencies = (
				4563334F2925476C004C3BA7 /* PBXTargetDependency */,
			);
			name = AppMessengerUITests;
			productName = AppMessengerUITests;
			productReference = 4563334D2925476C004C3BA7 /* AppMessengerUITests.xctest */;
			productType = "com.apple.product-type.bundle.ui-testing";
		};
/* End PBXNativeTarget section */

/* Begin PBXProject section */
		456333252925476A004C3BA7 /* Project object */ = {
			isa = PBXProject;
			attributes = {
				BuildIndependentTargetsInParallel = 1;
				LastSwiftUpdateCheck = 1400;
				LastUpgradeCheck = 1400;
				TargetAttributes = {
					4563332C2925476A004C3BA7 = {
						CreatedOnToolsVersion = 14.0.1;
					};
					456333422925476C004C3BA7 = {
						CreatedOnToolsVersion = 14.0.1;
						TestTargetID = 4563332C2925476A004C3BA7;
					};
					4563334C2925476C004C3BA7 = {
						CreatedOnToolsVersion = 14.0.1;
						TestTargetID = 4563332C2925476A004C3BA7;
					};
				};
			};
			buildConfigurationList = 456333282925476A004C3BA7 /* Build configuration list for PBXProject "AppMessenger" */;
			compatibilityVersion = "Xcode 14.0";
			developmentRegion = en;
			hasScannedForEncodings = 0;
			knownRegions = (
				en,
				Base,
			);
			mainGroup = 456333242925476A004C3BA7;
			productRefGroup = 4563332E2925476A004C3BA7 /* Products */;
			projectDirPath = "";
			projectRoot = "";
			targets = (
				4563332C2925476A004C3BA7 /* AppMessenger */,
				456333422925476C004C3BA7 /* AppMessengerTests */,
				4563334C2925476C004C3BA7 /* AppMessengerUITests */,
			);
		};
/* End PBXProject section */

/* Begin PBXResourcesBuildPhase section */
		4563332B2925476A004C3BA7 /* Resources */ = {
			isa = PBXResourcesBuildPhase;
			buildActionMask = 2147483647;
			files = (
				4563333D2925476C004C3BA7 /* LaunchScreen.storyboard in Resources */,
				4563333A2925476C004C3BA7 /* Assets.xcassets in Resources */,
			);
			runOnlyForDeploymentPostprocessing = 0;
		};
		456333412925476C004C3BA7 /* Resources */ = {
			isa = PBXResourcesBuildPhase;
			buildActionMask = 2147483647;
			files = (
			);
			runOnlyForDeploymentPostprocessing = 0;
		};
		4563334B2925476C004C3BA7 /* Resources */ = {
			isa = PBXResourcesBuildPhase;
			buildActionMask = 2147483647;
			files = (
			);
			runOnlyForDeploymentPostprocessing = 0;
		};
/* End PBXResourcesBuildPhase section */

/* Begin PBXSourcesBuildPhase section */
		456333292925476A004C3BA7 /* Sources */ = {
			isa = PBXSourcesBuildPhase;
			buildActionMask = 2147483647;
			files = (
				456333312925476A004C3BA7 /* AppDelegate.swift in Sources */,
				456333332925476A004C3BA7 /* SceneDelegate.swift in Sources */,
			);
			runOnlyForDeploymentPostprocessing = 0;
		};
		4563333F2925476C004C3BA7 /* Sources */ = {
			isa = PBXSourcesBuildPhase;
			buildActionMask = 2147483647;
			files = (
				456333482925476C004C3BA7 /* AppMessengerTests.swift in Sources */,
			);
			runOnlyForDeploymentPostprocessing = 0;
		};
		456333492925476C004C3BA7 /* Sources */ = {
			isa = PBXSourcesBuildPhase;
			buildActionMask = 2147483647;
			files = (
				456333542925476D004C3BA7 /* AppMessengerUITestsLaunchTests.swift in Sources */,
				456333522925476C004C3BA7 /* AppMessengerUITests.swift in Sources */,
			);
			runOnlyForDeploymentPostprocessing = 0;
		};
/* End PBXSourcesBuildPhase section */

/* Begin PBXTargetDependency section */
		456333452925476C004C3BA7 /* PBXTargetDependency */ = {
			isa = PBXTargetDependency;
			target = 4563332C2925476A004C3BA7 /* AppMessenger */;
			targetProxy = 456333442925476C004C3BA7 /* PBXContainerItemProxy */;
		};
		4563334F2925476C004C3BA7 /* PBXTargetDependency */ = {
			isa = PBXTargetDependency;
			target = 4563332C2925476A004C3BA7 /* AppMessenger */;
			targetProxy = 4563334E2925476C004C3BA7 /* PBXContainerItemProxy */;
		};
/* End PBXTargetDependency section */

/* Begin PBXVariantGroup section */
		4563333B2925476C004C3BA7 /* LaunchScreen.storyboard */ = {
			isa = PBXVariantGroup;
			children = (
				4563333C2925476C004C3BA7 /* Base */,
			);
			name = LaunchScreen.storyboard;
			sourceTree = "<group>";
		};
/* End PBXVariantGroup section */

/* Begin XCBuildConfiguration section */
		456333552925476D004C3BA7 /* Debug */ = {
			isa = XCBuildConfiguration;
			buildSettings = {
				ALWAYS_SEARCH_USER_PATHS = NO;
				CLANG_ANALYZER_NONNULL = YES;
				CLANG_ANALYZER_NUMBER_OBJECT_CONVERSION = YES_AGGRESSIVE;
				CLANG_CXX_LANGUAGE_STANDARD = "gnu++20";
				CLANG_ENABLE_MODULES = YES;
				CLANG_ENABLE_OBJC_ARC = YES;
				CLANG_ENABLE_OBJC_WEAK = YES;
				CLANG_WARN_BLOCK_CAPTURE_AUTORELEASING = YES;
				CLANG_WARN_BOOL_CONVERSION = YES;
				CLANG_WARN_COMMA = YES;
				CLANG_WARN_CONSTANT_CONVERSION = YES;
				CLANG_WARN_DEPRECATED_OBJC_IMPLEMENTATIONS = YES;
				CLANG_WARN_DIRECT_OBJC_ISA_USAGE = YES_ERROR;
				CLANG_WARN_DOCUMENTATION_COMMENTS = YES;
				CLANG_WARN_EMPTY_BODY = YES;
				CLANG_WARN_ENUM_CONVERSION = YES;
				CLANG_WARN_INFINITE_RECURSION = YES;
				CLANG_WARN_INT_CONVERSION = YES;
				CLANG_WARN_NON_LITERAL_NULL_CONVERSION = YES;
				CLANG_WARN_OBJC_IMPLICIT_RETAIN_SELF = YES;
				CLANG_WARN_OBJC_LITERAL_CONVERSION = YES;
				CLANG_WARN_OBJC_ROOT_CLASS = YES_ERROR;
				CLANG_WARN_QUOTED_INCLUDE_IN_FRAMEWORK_HEADER = YES;
				CLANG_WARN_RANGE_LOOP_ANALYSIS = YES;
				CLANG_WARN_STRICT_PROTOTYPES = YES;
				CLANG_WARN_SUSPICIOUS_MOVE = YES;
				CLANG_WARN_UNGUARDED_AVAILABILITY = YES_AGGRESSIVE;
				CLANG_WARN_UNREACHABLE_CODE = YES;
				CLANG_WARN__DUPLICATE_METHOD_MATCH = YES;
				COPY_PHASE_STRIP = NO;
				DEBUG_INFORMATION_FORMAT = dwarf;
				ENABLE_STRICT_OBJC_MSGSEND = YES;
				ENABLE_TESTABILITY = YES;
				GCC_C_LANGUAGE_STANDARD = gnu11;
				GCC_DYNAMIC_NO_PIC = NO;
				GCC_NO_COMMON_BLOCKS = YES;
				GCC_OPTIMIZATION_LEVEL = 0;
				GCC_PREPROCESSOR_DEFINITIONS = (
					"DEBUG=1",
					"$(inherited)",
				);
				GCC_WARN_64_TO_32_BIT_CONVERSION = YES;
				GCC_WARN_ABOUT_RETURN_TYPE = YES_ERROR;
				GCC_WARN_UNDECLARED_SELECTOR = YES;
				GCC_WARN_UNINITIALIZED_AUTOS = YES_AGGRESSIVE;
				GCC_WARN_UNUSED_FUNCTION = YES;
				GCC_WARN_UNUSED_VARIABLE = YES;
				IPHONEOS_DEPLOYMENT_TARGET = 16.0;
				MTL_ENABLE_DEBUG_INFO = INCLUDE_SOURCE;
				MTL_FAST_MATH = YES;
				ONLY_ACTIVE_ARCH = YES;
				SDKROOT = iphoneos;
				SWIFT_ACTIVE_COMPILATION_CONDITIONS = DEBUG;
				SWIFT_OPTIMIZATION_LEVEL = "-Onone";
			};
			name = Debug;
		};
		456333562925476D004C3BA7 /* Release */ = {
			isa = XCBuildConfiguration;
			buildSettings = {
				ALWAYS_SEARCH_USER_PATHS = NO;
				CLANG_ANALYZER_NONNULL = YES;
				CLANG_ANALYZER_NUMBER_OBJECT_CONVERSION = YES_AGGRESSIVE;
				CLANG_CXX_LANGUAGE_STANDARD = "gnu++20";
				CLANG_ENABLE_MODULES = YES;
				CLANG_ENABLE_OBJC_ARC = YES;
				CLANG_ENABLE_OBJC_WEAK = YES;
				CLANG_WARN_BLOCK_CAPTURE_AUTORELEASING = YES;
				CLANG_WARN_BOOL_CONVERSION = YES;
				CLANG_WARN_COMMA = YES;
				CLANG_WARN_CONSTANT_CONVERSION = YES;
				CLANG_WARN_DEPRECATED_OBJC_IMPLEMENTATIONS = YES;
				CLANG_WARN_DIRECT_OBJC_ISA_USAGE = YES_ERROR;
				CLANG_WARN_DOCUMENTATION_COMMENTS = YES;
				CLANG_WARN_EMPTY_BODY = YES;
				CLANG_WARN_ENUM_CONVERSION = YES;
				CLANG_WARN_INFINITE_RECURSION = YES;
				CLANG_WARN_INT_CONVERSION = YES;
				CLANG_WARN_NON_LITERAL_NULL_CONVERSION = YES;
				CLANG_WARN_OBJC_IMPLICIT_RETAIN_SELF = YES;
				CLANG_WARN_OBJC_LITERAL_CONVERSION = YES;
				CLANG_WARN_OBJC_ROOT_CLASS = YES_ERROR;
				CLANG_WARN_QUOTED_INCLUDE_IN_FRAMEWORK_HEADER = YES;
				CLANG_WARN_RANGE_LOOP_ANALYSIS = YES;
				CLANG_WARN_STRICT_PROTOTYPES = YES;
				CLANG_WARN_SUSPICIOUS_MOVE = YES;
				CLANG_WARN_UNGUARDED_AVAILABILITY = YES_AGGRESSIVE;
				CLANG_WARN_UNREACHABLE_CODE = YES;
				CLANG_WARN__DUPLICATE_METHOD_MATCH = YES;
				COPY_PHASE_STRIP = NO;
				DEBUG_INFORMATION_FORMAT = "dwarf-with-dsym";
				ENABLE_NS_ASSERTIONS = NO;
				ENABLE_STRICT_OBJC_MSGSEND = YES;
				GCC_C_LANGUAGE_STANDARD = gnu11;
				GCC_NO_COMMON_BLOCKS = YES;
				GCC_WARN_64_TO_32_BIT_CONVERSION = YES;
				GCC_WARN_ABOUT_RETURN_TYPE = YES_ERROR;
				GCC_WARN_UNDECLARED_SELECTOR = YES;
				GCC_WARN_UNINITIALIZED_AUTOS = YES_AGGRESSIVE;
				GCC_WARN_UNUSED_FUNCTION = YES;
				GCC_WARN_UNUSED_VARIABLE = YES;
				IPHONEOS_DEPLOYMENT_TARGET = 16.0;
				MTL_ENABLE_DEBUG_INFO = NO;
				MTL_FAST_MATH = YES;
				SDKROOT = iphoneos;
				SWIFT_COMPILATION_MODE = wholemodule;
				SWIFT_OPTIMIZATION_LEVEL = "-O";
				VALIDATE_PRODUCT = YES;
			};
			name = Release;
		};
		456333582925476D004C3BA7 /* Debug */ = {
			isa = XCBuildConfiguration;
			buildSettings = {
				ASSETCATALOG_COMPILER_APPICON_NAME = AppIcon;
				ASSETCATALOG_COMPILER_GLOBAL_ACCENT_COLOR_NAME = AccentColor;
				CODE_SIGN_STYLE = Automatic;
				CURRENT_PROJECT_VERSION = 1;
				DEVELOPMENT_TEAM = RUTLL58S2M;
				GENERATE_INFOPLIST_FILE = YES;
				INFOPLIST_FILE = AppMessenger/Info.plist;
				INFOPLIST_KEY_UIApplicationSupportsIndirectInputEvents = YES;
				INFOPLIST_KEY_UILaunchStoryboardName = LaunchScreen;
				INFOPLIST_KEY_UISupportedInterfaceOrientations = UIInterfaceOrientationPortrait;
				INFOPLIST_KEY_UISupportedInterfaceOrientations_iPad = "UIInterfaceOrientationLandscapeLeft UIInterfaceOrientationLandscapeRight UIInterfaceOrientationPortrait UIInterfaceOrientationPortraitUpsideDown";
				LD_RUNPATH_SEARCH_PATHS = (
					"$(inherited)",
					"@executable_path/Frameworks",
				);
				MARKETING_VERSION = 1.0;
				PRODUCT_BUNDLE_IDENTIFIER = programBoyz.AppMessenger;
				PRODUCT_NAME = "$(TARGET_NAME)";
				SUPPORTED_PLATFORMS = "iphoneos iphonesimulator";
				SUPPORTS_MACCATALYST = NO;
				SUPPORTS_MAC_DESIGNED_FOR_IPHONE_IPAD = NO;
				SWIFT_EMIT_LOC_STRINGS = YES;
				SWIFT_VERSION = 5.0;
				TARGETED_DEVICE_FAMILY = 1;
			};
			name = Debug;
		};
		456333592925476D004C3BA7 /* Release */ = {
			isa = XCBuildConfiguration;
			buildSettings = {
				ASSETCATALOG_COMPILER_APPICON_NAME = AppIcon;
				ASSETCATALOG_COMPILER_GLOBAL_ACCENT_COLOR_NAME = AccentColor;
				CODE_SIGN_STYLE = Automatic;
				CURRENT_PROJECT_VERSION = 1;
				DEVELOPMENT_TEAM = RUTLL58S2M;
				GENERATE_INFOPLIST_FILE = YES;
				INFOPLIST_FILE = AppMessenger/Info.plist;
				INFOPLIST_KEY_UIApplicationSupportsIndirectInputEvents = YES;
				INFOPLIST_KEY_UILaunchStoryboardName = LaunchScreen;
				INFOPLIST_KEY_UISupportedInterfaceOrientations = UIInterfaceOrientationPortrait;
				INFOPLIST_KEY_UISupportedInterfaceOrientations_iPad = "UIInterfaceOrientationLandscapeLeft UIInterfaceOrientationLandscapeRight UIInterfaceOrientationPortrait UIInterfaceOrientationPortraitUpsideDown";
				LD_RUNPATH_SEARCH_PATHS = (
					"$(inherited)",
					"@executable_path/Frameworks",
				);
				MARKETING_VERSION = 1.0;
				PRODUCT_BUNDLE_IDENTIFIER = programBoyz.AppMessenger;
				PRODUCT_NAME = "$(TARGET_NAME)";
				SUPPORTED_PLATFORMS = "iphoneos iphonesimulator";
				SUPPORTS_MACCATALYST = NO;
				SUPPORTS_MAC_DESIGNED_FOR_IPHONE_IPAD = NO;
				SWIFT_EMIT_LOC_STRINGS = YES;
				SWIFT_VERSION = 5.0;
				TARGETED_DEVICE_FAMILY = 1;
			};
			name = Release;
		};
		4563335B2925476D004C3BA7 /* Debug */ = {
			isa = XCBuildConfiguration;
			buildSettings = {
				ALWAYS_EMBED_SWIFT_STANDARD_LIBRARIES = YES;
				BUNDLE_LOADER = "$(TEST_HOST)";
				CODE_SIGN_STYLE = Automatic;
				CURRENT_PROJECT_VERSION = 1;
				DEVELOPMENT_TEAM = RUTLL58S2M;
				GENERATE_INFOPLIST_FILE = YES;
				IPHONEOS_DEPLOYMENT_TARGET = 16.0;
				MARKETING_VERSION = 1.0;
				PRODUCT_BUNDLE_IDENTIFIER = programBoyz.AppMessengerTests;
				PRODUCT_NAME = "$(TARGET_NAME)";
				SWIFT_EMIT_LOC_STRINGS = NO;
				SWIFT_VERSION = 5.0;
				TARGETED_DEVICE_FAMILY = "1,2";
				TEST_HOST = "$(BUILT_PRODUCTS_DIR)/AppMessenger.app/$(BUNDLE_EXECUTABLE_FOLDER_PATH)/AppMessenger";
			};
			name = Debug;
		};
		4563335C2925476D004C3BA7 /* Release */ = {
			isa = XCBuildConfiguration;
			buildSettings = {
				ALWAYS_EMBED_SWIFT_STANDARD_LIBRARIES = YES;
				BUNDLE_LOADER = "$(TEST_HOST)";
				CODE_SIGN_STYLE = Automatic;
				CURRENT_PROJECT_VERSION = 1;
				DEVELOPMENT_TEAM = RUTLL58S2M;
				GENERATE_INFOPLIST_FILE = YES;
				IPHONEOS_DEPLOYMENT_TARGET = 16.0;
				MARKETING_VERSION = 1.0;
				PRODUCT_BUNDLE_IDENTIFIER = programBoyz.AppMessengerTests;
				PRODUCT_NAME = "$(TARGET_NAME)";
				SWIFT_EMIT_LOC_STRINGS = NO;
				SWIFT_VERSION = 5.0;
				TARGETED_DEVICE_FAMILY = "1,2";
				TEST_HOST = "$(BUILT_PRODUCTS_DIR)/AppMessenger.app/$(BUNDLE_EXECUTABLE_FOLDER_PATH)/AppMessenger";
			};
			name = Release;
		};
		4563335E2925476D004C3BA7 /* Debug */ = {
			isa = XCBuildConfiguration;
			buildSettings = {
				ALWAYS_EMBED_SWIFT_STANDARD_LIBRARIES = YES;
				CODE_SIGN_STYLE = Automatic;
				CURRENT_PROJECT_VERSION = 1;
				DEVELOPMENT_TEAM = RUTLL58S2M;
				GENERATE_INFOPLIST_FILE = YES;
				MARKETING_VERSION = 1.0;
				PRODUCT_BUNDLE_IDENTIFIER = programBoyz.AppMessengerUITests;
				PRODUCT_NAME = "$(TARGET_NAME)";
				SWIFT_EMIT_LOC_STRINGS = NO;
				SWIFT_VERSION = 5.0;
				TARGETED_DEVICE_FAMILY = "1,2";
				TEST_TARGET_NAME = AppMessenger;
			};
			name = Debug;
		};
		4563335F2925476D004C3BA7 /* Release */ = {
			isa = XCBuildConfiguration;
			buildSettings = {
				ALWAYS_EMBED_SWIFT_STANDARD_LIBRARIES = YES;
				CODE_SIGN_STYLE = Automatic;
				CURRENT_PROJECT_VERSION = 1;
				DEVELOPMENT_TEAM = RUTLL58S2M;
				GENERATE_INFOPLIST_FILE = YES;
				MARKETING_VERSION = 1.0;
				PRODUCT_BUNDLE_IDENTIFIER = programBoyz.AppMessengerUITests;
				PRODUCT_NAME = "$(TARGET_NAME)";
				SWIFT_EMIT_LOC_STRINGS = NO;
				SWIFT_VERSION = 5.0;
				TARGETED_DEVICE_FAMILY = "1,2";
				TEST_TARGET_NAME = AppMessenger;
			};
			name = Release;
		};
/* End XCBuildConfiguration section */

/* Begin XCConfigurationList section */
		456333282925476A004C3BA7 /* Build configuration list for PBXProject "AppMessenger" */ = {
			isa = XCConfigurationList;
			buildConfigurations = (
				456333552925476D004C3BA7 /* Debug */,
				456333562925476D004C3BA7 /* Release */,
			);
			defaultConfigurationIsVisible = 0;
			defaultConfigurationName = Release;
		};
		456333572925476D004C3BA7 /* Build configuration list for PBXNativeTarget "AppMessenger" */ = {
			isa = XCConfigurationList;
			buildConfigurations = (
				456333582925476D004C3BA7 /* Debug */,
				456333592925476D004C3BA7 /* Release */,
			);
			defaultConfigurationIsVisible = 0;
			defaultConfigurationName = Release;
		};
		4563335A2925476D004C3BA7 /* Build configuration list for PBXNativeTarget "AppMessengerTests" */ = {
			isa = XCConfigurationList;
			buildConfigurations = (
				4563335B2925476D004C3BA7 /* Debug */,
				4563335C2925476D004C3BA7 /* Release */,
			);
			defaultConfigurationIsVisible = 0;
			defaultConfigurationName = Release;
		};
		4563335D2925476D004C3BA7 /* Build configuration list for PBXNativeTarget "AppMessengerUITests" */ = {
			isa = XCConfigurationList;
			buildConfigurations = (
				4563335E2925476D004C3BA7 /* Debug */,
				4563335F2925476D004C3BA7 /* Release */,
			);
			defaultConfigurationIsVisible = 0;
			defaultConfigurationName = Release;
		};
/* End XCConfigurationList section */
	};
	rootObject = 456333252925476A004C3BA7 /* Project object */;
}
